
Microsoft Visual Studio Solution File, Format Version 12.00
# Visual Studio Version 16
VisualStudioVersion = 16.0.30804.86
MinimumVisualStudioVersion = 10.0.40219.1
Project("{8BC9CEB8-8B4A-11D0-8D11-00A0C91BC942}") = "OOP_CLASS_GET_SET", "OOP_CLASS_GET_SET\OOP_CLASS_GET_SET.vcxproj", "{958C4697-1C3C-4F3B-B686-C639A14B5988}"
EndProject
Global
	GlobalSection(SolutionConfigurationPlatforms) = preSolution
		Debug|x64 = Debug|x64
		Debug|x86 = Debug|x86
		Release|x64 = Release|x64
		Release|x86 = Release|x86
	EndGlobalSection
	GlobalSection(ProjectConfigurationPlatforms) = postSolution
		{958C4697-1C3C-4F3B-B686-C639A14B5988}.Debug|x64.ActiveCfg = Debug|x64
		{958C4697-1C3C-4F3B-B686-C639A14B5988}.Debug|x64.Build.0 = Debug|x64
		{958C4697-1C3C-4F3B-B686-C639A14B5988}.Debug|x86.ActiveCfg = Debug|Win32
		{958C4697-1C3C-4F3B-B686-C639A14B5988}.Debug|x86.Build.0 = Debug|Win32
		{958C4697-1C3C-4F3B-B686-C639A14B5988}.Release|x64.ActiveCfg = Release|x64
		{958C4697-1C3C-4F3B-B686-C639A14B5988}.Release|x64.Build.0 = Release|x64
		{958C4697-1C3C-4F3B-B686-C639A14B5988}.Release|x86.ActiveCfg = Release|Win32
		{958C4697-1C3C-4F3B-B686-C639A14B5988}.Release|x86.Build.0 = Release|Win32
	EndGlobalSection
	GlobalSection(SolutionProperties) = preSolution
		HideSolutionNode = FALSE
	EndGlobalSection
	GlobalSection(ExtensibilityGlobals) = postSolution
		SolutionGuid = {A9436F40-B634-4154-9571-388750EED6B3}
	EndGlobalSection
EndGlobal
